
Microsoft Visual Studio Solution File, Format Version 12.00
# Visual Studio Version 17
VisualStudioVersion = 17.14.36327.8
MinimumVisualStudioVersion = 10.0.40219.1
Project("{2150E333-8FDC-42A3-9474-1A3956D46DE8}") = "Services", "Services", "{02EA681E-C7D8-13C7-8484-4AC65E1B71E8}"
EndProject
Project("{2150E333-8FDC-42A3-9474-1A3956D46DE8}") = "Catalog", "Catalog", "{2628786E-6B8E-45B1-9DD2-B92301249427}"
EndProject
Project("{9A19103F-16F7-4668-BE54-9A1E7A4F7556}") = "Catalog.API", "src\Services\Catalog\Catalog.API\Catalog.API.csproj", "{024A8358-CBE4-4D25-A3D4-6BC2330C80A0}"
EndProject
Project("{2150E333-8FDC-42A3-9474-1A3956D46DE8}") = "BuildingBlocks", "BuildingBlocks", "{A9BC19BF-7C79-4802-8C57-15FF500CD251}"
EndProject
Project("{9A19103F-16F7-4668-BE54-9A1E7A4F7556}") = "BuildingBlocks", "src\BuildingBlocks\BuildingBlocks\BuildingBlocks.csproj", "{B4788053-AA80-46E0-9317-647594F7712F}"
EndProject
Project("{E53339B2-1760-4266-BCC7-CA923CBCF16C}") = "docker-compose", "docker-compose.dcproj", "{81DDED9D-158B-E303-5F62-77A2896D2A5A}"
EndProject
Project("{2150E333-8FDC-42A3-9474-1A3956D46DE8}") = "Basket", "Basket", "{E607DB0D-B211-4BED-8AA0-625DC2C76645}"
EndProject
Project("{9A19103F-16F7-4668-BE54-9A1E7A4F7556}") = "Basket.API", "src\Services\Basket\Basket.API\Basket.API.csproj", "{4B559EC2-8BEA-4C1D-A483-A87D0D1B90FF}"
EndProject
Project("{2150E333-8FDC-42A3-9474-1A3956D46DE8}") = "Discount", "Discount", "{C34D1E7A-7492-4926-8E2A-ECC461AB6F57}"
EndProject
Project("{9A19103F-16F7-4668-BE54-9A1E7A4F7556}") = "Discount.Grpc", "src\Services\Discount\Discount.Grpc\Discount.Grpc.csproj", "{F80C818B-1596-43C5-ACB4-438E6E6E9DEC}"
EndProject
Project("{2150E333-8FDC-42A3-9474-1A3956D46DE8}") = "Ordering", "Ordering", "{8037E3D1-1E29-443C-9E32-CCA9B0E4106B}"
EndProject
Project("{FAE04EC0-301F-11D3-BF4B-00C04F79EFBC}") = "Ordering.API", "src\Services\Ordering\Ordering.API\Ordering.API.csproj", "{510A2D39-4E38-4314-A708-95A4F86AA037}"
EndProject
Global
	GlobalSection(SolutionConfigurationPlatforms) = preSolution
		Debug|Any CPU = Debug|Any CPU
		Release|Any CPU = Release|Any CPU
	EndGlobalSection
	GlobalSection(ProjectConfigurationPlatforms) = postSolution
		{024A8358-CBE4-4D25-A3D4-6BC2330C80A0}.Debug|Any CPU.ActiveCfg = Debug|Any CPU
		{024A8358-CBE4-4D25-A3D4-6BC2330C80A0}.Debug|Any CPU.Build.0 = Debug|Any CPU
		{024A8358-CBE4-4D25-A3D4-6BC2330C80A0}.Release|Any CPU.ActiveCfg = Release|Any CPU
		{024A8358-CBE4-4D25-A3D4-6BC2330C80A0}.Release|Any CPU.Build.0 = Release|Any CPU
		{B4788053-AA80-46E0-9317-647594F7712F}.Debug|Any CPU.ActiveCfg = Debug|Any CPU
		{B4788053-AA80-46E0-9317-647594F7712F}.Debug|Any CPU.Build.0 = Debug|Any CPU
		{B4788053-AA80-46E0-9317-647594F7712F}.Release|Any CPU.ActiveCfg = Release|Any CPU
		{B4788053-AA80-46E0-9317-647594F7712F}.Release|Any CPU.Build.0 = Release|Any CPU
		{81DDED9D-158B-E303-5F62-77A2896D2A5A}.Debug|Any CPU.ActiveCfg = Debug|Any CPU
		{81DDED9D-158B-E303-5F62-77A2896D2A5A}.Debug|Any CPU.Build.0 = Debug|Any CPU
		{81DDED9D-158B-E303-5F62-77A2896D2A5A}.Release|Any CPU.ActiveCfg = Release|Any CPU
		{81DDED9D-158B-E303-5F62-77A2896D2A5A}.Release|Any CPU.Build.0 = Release|Any CPU
		{4B559EC2-8BEA-4C1D-A483-A87D0D1B90FF}.Debug|Any CPU.ActiveCfg = Debug|Any CPU
		{4B559EC2-8BEA-4C1D-A483-A87D0D1B90FF}.Debug|Any CPU.Build.0 = Debug|Any CPU
		{4B559EC2-8BEA-4C1D-A483-A87D0D1B90FF}.Release|Any CPU.ActiveCfg = Release|Any CPU
		{4B559EC2-8BEA-4C1D-A483-A87D0D1B90FF}.Release|Any CPU.Build.0 = Release|Any CPU
		{F80C818B-1596-43C5-ACB4-438E6E6E9DEC}.Debug|Any CPU.ActiveCfg = Debug|Any CPU
		{F80C818B-1596-43C5-ACB4-438E6E6E9DEC}.Debug|Any CPU.Build.0 = Debug|Any CPU
		{F80C818B-1596-43C5-ACB4-438E6E6E9DEC}.Release|Any CPU.ActiveCfg = Release|Any CPU
		{F80C818B-1596-43C5-ACB4-438E6E6E9DEC}.Release|Any CPU.Build.0 = Release|Any CPU
		{510A2D39-4E38-4314-A708-95A4F86AA037}.Debug|Any CPU.ActiveCfg = Debug|Any CPU
		{510A2D39-4E38-4314-A708-95A4F86AA037}.Debug|Any CPU.Build.0 = Debug|Any CPU
		{510A2D39-4E38-4314-A708-95A4F86AA037}.Release|Any CPU.ActiveCfg = Release|Any CPU
		{510A2D39-4E38-4314-A708-95A4F86AA037}.Release|Any CPU.Build.0 = Release|Any CPU
	EndGlobalSection
	GlobalSection(SolutionProperties) = preSolution
		HideSolutionNode = FALSE
	EndGlobalSection
	GlobalSection(NestedProjects) = preSolution
		{2628786E-6B8E-45B1-9DD2-B92301249427} = {02EA681E-C7D8-13C7-8484-4AC65E1B71E8}
		{024A8358-CBE4-4D25-A3D4-6BC2330C80A0} = {2628786E-6B8E-45B1-9DD2-B92301249427}
		{B4788053-AA80-46E0-9317-647594F7712F} = {A9BC19BF-7C79-4802-8C57-15FF500CD251}
		{E607DB0D-B211-4BED-8AA0-625DC2C76645} = {02EA681E-C7D8-13C7-8484-4AC65E1B71E8}
		{4B559EC2-8BEA-4C1D-A483-A87D0D1B90FF} = {E607DB0D-B211-4BED-8AA0-625DC2C76645}
		{C34D1E7A-7492-4926-8E2A-ECC461AB6F57} = {02EA681E-C7D8-13C7-8484-4AC65E1B71E8}
		{F80C818B-1596-43C5-ACB4-438E6E6E9DEC} = {C34D1E7A-7492-4926-8E2A-ECC461AB6F57}
		{8037E3D1-1E29-443C-9E32-CCA9B0E4106B} = {02EA681E-C7D8-13C7-8484-4AC65E1B71E8}
		{510A2D39-4E38-4314-A708-95A4F86AA037} = {8037E3D1-1E29-443C-9E32-CCA9B0E4106B}
	EndGlobalSection
	GlobalSection(ExtensibilityGlobals) = postSolution
		SolutionGuid = {5F7CCEA1-A09A-4704-9792-5F6CF65DC19B}
	EndGlobalSection
EndGlobal
